{
  "name": "nicepattern",
  "version": "1.0.3",
  "lockfileVersion": 1,
  "requires": true,
  "dependencies": {
    "dedent-js": {
      "version": "1.0.1",
      "resolved": "https://registry.npmjs.org/dedent-js/-/dedent-js-1.0.1.tgz",
      "integrity": "sha1-vuX7fJ5yfYXf+iRZDRDsGrElUwU="
    }
  }
}
